Microsoft Visual Studio Solution File, Format Version 12.00
# Visual Studio 15
VisualStudioVersion = 15.0.27004.2010
MinimumVisualStudioVersion = 10.0.40219.1
Project("{9A19103F-16F7-4668-BE54-9A1E7A4F7556}") = "LagoVista.PlatformManager.Core", "src\LagoVista.PlatformManager.Core\LagoVista.PlatformManager.Core.csproj", "{B8746AB5-0C2B-45DB-8483-3276DD5F7083}"
EndProject
Project("{9A19103F-16F7-4668-BE54-9A1E7A4F7556}") = "LagoVista.PlatformManager", "src\LagoVista.PlatformManager\LagoVista.PlatformManager.csproj", "{B6E22604-C84F-488E-86E5-0FE8B30AB6B0}"
EndProject
Project("{FAE04EC0-301F-11D3-BF4B-00C04F79EFBC}") = "LagoVista.PlatformManager.Droid", "src\LagoVista.PlatformManager.Droid\LagoVista.PlatformManager.Droid.csproj", "{A6AC03F2-18E8-419D-97BA-D8F8E3B4D61E}"
EndProject
Global
	GlobalSection(SolutionConfigurationPlatforms) = preSolution
		Ad-Hoc|Any CPU = Ad-Hoc|Any CPU
		Ad-Hoc|ARM = Ad-Hoc|ARM
		Ad-Hoc|iPhone = Ad-Hoc|iPhone
		Ad-Hoc|iPhoneSimulator = Ad-Hoc|iPhoneSimulator
		Ad-Hoc|x64 = Ad-Hoc|x64
		Ad-Hoc|x86 = Ad-Hoc|x86
		AppStore|Any CPU = AppStore|Any CPU
		AppStore|ARM = AppStore|ARM
		AppStore|iPhone = AppStore|iPhone
		AppStore|iPhoneSimulator = AppStore|iPhoneSimulator
		AppStore|x64 = AppStore|x64
		AppStore|x86 = AppStore|x86
		Debug|Any CPU = Debug|Any CPU
		Debug|ARM = Debug|ARM
		Debug|iPhone = Debug|iPhone
		Debug|iPhoneSimulator = Debug|iPhoneSimulator
		Debug|x64 = Debug|x64
		Debug|x86 = Debug|x86
		iOS Build|Any CPU = iOS Build|Any CPU
		iOS Build|ARM = iOS Build|ARM
		iOS Build|iPhone = iOS Build|iPhone
		iOS Build|iPhoneSimulator = iOS Build|iPhoneSimulator
		iOS Build|x64 = iOS Build|x64
		iOS Build|x86 = iOS Build|x86
		Release|Any CPU = Release|Any CPU
		Release|ARM = Release|ARM
		Release|iPhone = Release|iPhone
		Release|iPhoneSimulator = Release|iPhoneSimulator
		Release|x64 = Release|x64
		Release|x86 = Release|x86
	EndGlobalSection
	GlobalSection(ProjectConfigurationPlatforms) = postSolution
		{B8746AB5-0C2B-45DB-8483-3276DD5F7083}.Ad-Hoc|Any CPU.ActiveCfg = Debug|Any CPU
		{B8746AB5-0C2B-45DB-8483-3276DD5F7083}.Ad-Hoc|Any CPU.Build.0 = Debug|Any CPU
		{B8746AB5-0C2B-45DB-8483-3276DD5F7083}.Ad-Hoc|ARM.ActiveCfg = Debug|Any CPU
		{B8746AB5-0C2B-45DB-8483-3276DD5F7083}.Ad-Hoc|ARM.Build.0 = Debug|Any CPU
		{B8746AB5-0C2B-45DB-8483-3276DD5F7083}.Ad-Hoc|iPhone.ActiveCfg = Debug|Any CPU
		{B8746AB5-0C2B-45DB-8483-3276DD5F7083}.Ad-Hoc|iPhone.Build.0 = Debug|Any CPU
		{B8746AB5-0C2B-45DB-8483-3276DD5F7083}.Ad-Hoc|iPhoneSimulator.ActiveCfg = Debug|Any CPU
		{B8746AB5-0C2B-45DB-8483-3276DD5F7083}.Ad-Hoc|iPhoneSimulator.Build.0 = Debug|Any CPU
		{B8746AB5-0C2B-45DB-8483-3276DD5F7083}.Ad-Hoc|x64.ActiveCfg = Debug|Any CPU
		{B8746AB5-0C2B-45DB-8483-3276DD5F7083}.Ad-Hoc|x64.Build.0 = Debug|Any CPU
		{B8746AB5-0C2B-45DB-8483-3276DD5F7083}.Ad-Hoc|x86.ActiveCfg = Debug|Any CPU
		{B8746AB5-0C2B-45DB-8483-3276DD5F7083}.Ad-Hoc|x86.Build.0 = Debug|Any CPU
		{B8746AB5-0C2B-45DB-8483-3276DD5F7083}.AppStore|Any CPU.ActiveCfg = Debug|Any CPU
		{B8746AB5-0C2B-45DB-8483-3276DD5F7083}.AppStore|Any CPU.Build.0 = Debug|Any CPU
		{B8746AB5-0C2B-45DB-8483-3276DD5F7083}.AppStore|ARM.ActiveCfg = Debug|Any CPU
		{B8746AB5-0C2B-45DB-8483-3276DD5F7083}.AppStore|ARM.Build.0 = Debug|Any CPU
		{B8746AB5-0C2B-45DB-8483-3276DD5F7083}.AppStore|iPhone.ActiveCfg = Debug|Any CPU
		{B8746AB5-0C2B-45DB-8483-3276DD5F7083}.AppStore|iPhone.Build.0 = Debug|Any CPU
		{B8746AB5-0C2B-45DB-8483-3276DD5F7083}.AppStore|iPhoneSimulator.ActiveCfg = Debug|Any CPU
		{B8746AB5-0C2B-45DB-8483-3276DD5F7083}.AppStore|iPhoneSimulator.Build.0 = Debug|Any CPU
		{B8746AB5-0C2B-45DB-8483-3276DD5F7083}.AppStore|x64.ActiveCfg = Debug|Any CPU
		{B8746AB5-0C2B-45DB-8483-3276DD5F7083}.AppStore|x64.Build.0 = Debug|Any CPU
		{B8746AB5-0C2B-45DB-8483-3276DD5F7083}.AppStore|x86.ActiveCfg = Debug|Any CPU
		{B8746AB5-0C2B-45DB-8483-3276DD5F7083}.AppStore|x86.Build.0 = Debug|Any CPU
		{B8746AB5-0C2B-45DB-8483-3276DD5F7083}.Debug|Any CPU.ActiveCfg = Debug|Any CPU
		{B8746AB5-0C2B-45DB-8483-3276DD5F7083}.Debug|Any CPU.Build.0 = Debug|Any CPU
		{B8746AB5-0C2B-45DB-8483-3276DD5F7083}.Debug|ARM.ActiveCfg = Debug|Any CPU
		{B8746AB5-0C2B-45DB-8483-3276DD5F7083}.Debug|ARM.Build.0 = Debug|Any CPU
		{B8746AB5-0C2B-45DB-8483-3276DD5F7083}.Debug|iPhone.ActiveCfg = Debug|Any CPU
		{B8746AB5-0C2B-45DB-8483-3276DD5F7083}.Debug|iPhone.Build.0 = Debug|Any CPU
		{B8746AB5-0C2B-45DB-8483-3276DD5F7083}.Debug|iPhoneSimulator.ActiveCfg = Debug|Any CPU
		{B8746AB5-0C2B-45DB-8483-3276DD5F7083}.Debug|iPhoneSimulator.Build.0 = Debug|Any CPU
		{B8746AB5-0C2B-45DB-8483-3276DD5F7083}.Debug|x64.ActiveCfg = Debug|Any CPU
		{B8746AB5-0C2B-45DB-8483-3276DD5F7083}.Debug|x64.Build.0 = Debug|Any CPU
		{B8746AB5-0C2B-45DB-8483-3276DD5F7083}.Debug|x86.ActiveCfg = Debug|Any CPU
		{B8746AB5-0C2B-45DB-8483-3276DD5F7083}.Debug|x86.Build.0 = Debug|Any CPU
		{B8746AB5-0C2B-45DB-8483-3276DD5F7083}.iOS Build|Any CPU.ActiveCfg = Debug|Any CPU
		{B8746AB5-0C2B-45DB-8483-3276DD5F7083}.iOS Build|Any CPU.Build.0 = Debug|Any CPU
		{B8746AB5-0C2B-45DB-8483-3276DD5F7083}.iOS Build|ARM.ActiveCfg = Debug|Any CPU
		{B8746AB5-0C2B-45DB-8483-3276DD5F7083}.iOS Build|ARM.Build.0 = Debug|Any CPU
		{B8746AB5-0C2B-45DB-8483-3276DD5F7083}.iOS Build|iPhone.ActiveCfg = Debug|Any CPU
		{B8746AB5-0C2B-45DB-8483-3276DD5F7083}.iOS Build|iPhone.Build.0 = Debug|Any CPU
		{B8746AB5-0C2B-45DB-8483-3276DD5F7083}.iOS Build|iPhoneSimulator.ActiveCfg = Debug|Any CPU
		{B8746AB5-0C2B-45DB-8483-3276DD5F7083}.iOS Build|iPhoneSimulator.Build.0 = Debug|Any CPU
		{B8746AB5-0C2B-45DB-8483-3276DD5F7083}.iOS Build|x64.ActiveCfg = Debug|Any CPU
		{B8746AB5-0C2B-45DB-8483-3276DD5F7083}.iOS Build|x64.Build.0 = Debug|Any CPU
		{B8746AB5-0C2B-45DB-8483-3276DD5F7083}.iOS Build|x86.ActiveCfg = Debug|Any CPU
		{B8746AB5-0C2B-45DB-8483-3276DD5F7083}.iOS Build|x86.Build.0 = Debug|Any CPU
		{B8746AB5-0C2B-45DB-8483-3276DD5F7083}.Release|Any CPU.ActiveCfg = Release|Any CPU
		{B8746AB5-0C2B-45DB-8483-3276DD5F7083}.Release|Any CPU.Build.0 = Release|Any CPU
		{B8746AB5-0C2B-45DB-8483-3276DD5F7083}.Release|ARM.ActiveCfg = Release|Any CPU
		{B8746AB5-0C2B-45DB-8483-3276DD5F7083}.Release|ARM.Build.0 = Release|Any CPU
		{B8746AB5-0C2B-45DB-8483-3276DD5F7083}.Release|iPhone.ActiveCfg = Release|Any CPU
		{B8746AB5-0C2B-45DB-8483-3276DD5F7083}.Release|iPhone.Build.0 = Release|Any CPU
		{B8746AB5-0C2B-45DB-8483-3276DD5F7083}.Release|iPhoneSimulator.ActiveCfg = Release|Any CPU
		{B8746AB5-0C2B-45DB-8483-3276DD5F7083}.Release|iPhoneSimulator.Build.0 = Release|Any CPU
		{B8746AB5-0C2B-45DB-8483-3276DD5F7083}.Release|x64.ActiveCfg = Release|Any CPU
		{B8746AB5-0C2B-45DB-8483-3276DD5F7083}.Release|x64.Build.0 = Release|Any CPU
		{B8746AB5-0C2B-45DB-8483-3276DD5F7083}.Release|x86.ActiveCfg = Release|Any CPU
		{B8746AB5-0C2B-45DB-8483-3276DD5F7083}.Release|x86.Build.0 = Release|Any CPU
		{B6E22604-C84F-488E-86E5-0FE8B30AB6B0}.Ad-Hoc|Any CPU.ActiveCfg = Release|Any CPU
		{B6E22604-C84F-488E-86E5-0FE8B30AB6B0}.Ad-Hoc|Any CPU.Build.0 = Release|Any CPU
		{B6E22604-C84F-488E-86E5-0FE8B30AB6B0}.Ad-Hoc|ARM.ActiveCfg = Release|Any CPU
		{B6E22604-C84F-488E-86E5-0FE8B30AB6B0}.Ad-Hoc|ARM.Build.0 = Release|Any CPU
		{B6E22604-C84F-488E-86E5-0FE8B30AB6B0}.Ad-Hoc|iPhone.ActiveCfg = Release|Any CPU
		{B6E22604-C84F-488E-86E5-0FE8B30AB6B0}.Ad-Hoc|iPhone.Build.0 = Release|Any CPU
		{B6E22604-C84F-488E-86E5-0FE8B30AB6B0}.Ad-Hoc|iPhoneSimulator.ActiveCfg = Release|Any CPU
		{B6E22604-C84F-488E-86E5-0FE8B30AB6B0}.Ad-Hoc|iPhoneSimulator.Build.0 = Release|Any CPU
		{B6E22604-C84F-488E-86E5-0FE8B30AB6B0}.Ad-Hoc|x64.ActiveCfg = Release|Any CPU
		{B6E22604-C84F-488E-86E5-0FE8B30AB6B0}.Ad-Hoc|x64.Build.0 = Release|Any CPU
		{B6E22604-C84F-488E-86E5-0FE8B30AB6B0}.Ad-Hoc|x86.ActiveCfg = Release|Any CPU
		{B6E22604-C84F-488E-86E5-0FE8B30AB6B0}.Ad-Hoc|x86.Build.0 = Release|Any CPU
		{B6E22604-C84F-488E-86E5-0FE8B30AB6B0}.AppStore|Any CPU.ActiveCfg = Release|Any CPU
		{B6E22604-C84F-488E-86E5-0FE8B30AB6B0}.AppStore|Any CPU.Build.0 = Release|Any CPU
		{B6E22604-C84F-488E-86E5-0FE8B30AB6B0}.AppStore|ARM.ActiveCfg = Release|Any CPU
		{B6E22604-C84F-488E-86E5-0FE8B30AB6B0}.AppStore|ARM.Build.0 = Release|Any CPU
		{B6E22604-C84F-488E-86E5-0FE8B30AB6B0}.AppStore|iPhone.ActiveCfg = Release|Any CPU
		{B6E22604-C84F-488E-86E5-0FE8B30AB6B0}.AppStore|iPhone.Build.0 = Release|Any CPU
		{B6E22604-C84F-488E-86E5-0FE8B30AB6B0}.AppStore|iPhoneSimulator.ActiveCfg = Release|Any CPU
		{B6E22604-C84F-488E-86E5-0FE8B30AB6B0}.AppStore|iPhoneSimulator.Build.0 = Release|Any CPU
		{B6E22604-C84F-488E-86E5-0FE8B30AB6B0}.AppStore|x64.ActiveCfg = Release|Any CPU
		{B6E22604-C84F-488E-86E5-0FE8B30AB6B0}.AppStore|x64.Build.0 = Release|Any CPU
		{B6E22604-C84F-488E-86E5-0FE8B30AB6B0}.AppStore|x86.ActiveCfg = Release|Any CPU
		{B6E22604-C84F-488E-86E5-0FE8B30AB6B0}.AppStore|x86.Build.0 = Release|Any CPU
		{B6E22604-C84F-488E-86E5-0FE8B30AB6B0}.Debug|Any CPU.ActiveCfg = Debug|Any CPU
		{B6E22604-C84F-488E-86E5-0FE8B30AB6B0}.Debug|Any CPU.Build.0 = Debug|Any CPU
		{B6E22604-C84F-488E-86E5-0FE8B30AB6B0}.Debug|ARM.ActiveCfg = Debug|Any CPU
		{B6E22604-C84F-488E-86E5-0FE8B30AB6B0}.Debug|ARM.Build.0 = Debug|Any CPU
		{B6E22604-C84F-488E-86E5-0FE8B30AB6B0}.Debug|iPhone.ActiveCfg = Debug|Any CPU
		{B6E22604-C84F-488E-86E5-0FE8B30AB6B0}.Debug|iPhone.Build.0 = Debug|Any CPU
		{B6E22604-C84F-488E-86E5-0FE8B30AB6B0}.Debug|iPhoneSimulator.ActiveCfg = Debug|Any CPU
		{B6E22604-C84F-488E-86E5-0FE8B30AB6B0}.Debug|iPhoneSimulator.Build.0 = Debug|Any CPU
		{B6E22604-C84F-488E-86E5-0FE8B30AB6B0}.Debug|x64.ActiveCfg = Debug|Any CPU
		{B6E22604-C84F-488E-86E5-0FE8B30AB6B0}.Debug|x64.Build.0 = Debug|Any CPU
		{B6E22604-C84F-488E-86E5-0FE8B30AB6B0}.Debug|x86.ActiveCfg = Debug|Any CPU
		{B6E22604-C84F-488E-86E5-0FE8B30AB6B0}.Debug|x86.Build.0 = Debug|Any CPU
		{B6E22604-C84F-488E-86E5-0FE8B30AB6B0}.iOS Build|Any CPU.ActiveCfg = Release|Any CPU
		{B6E22604-C84F-488E-86E5-0FE8B30AB6B0}.iOS Build|Any CPU.Build.0 = Release|Any CPU
		{B6E22604-C84F-488E-86E5-0FE8B30AB6B0}.iOS Build|ARM.ActiveCfg = Release|Any CPU
		{B6E22604-C84F-488E-86E5-0FE8B30AB6B0}.iOS Build|ARM.Build.0 = Release|Any CPU
		{B6E22604-C84F-488E-86E5-0FE8B30AB6B0}.iOS Build|iPhone.ActiveCfg = Release|Any CPU
		{B6E22604-C84F-488E-86E5-0FE8B30AB6B0}.iOS Build|iPhone.Build.0 = Release|Any CPU
		{B6E22604-C84F-488E-86E5-0FE8B30AB6B0}.iOS Build|iPhoneSimulator.ActiveCfg = Release|Any CPU
		{B6E22604-C84F-488E-86E5-0FE8B30AB6B0}.iOS Build|iPhoneSimulator.Build.0 = Release|Any CPU
		{B6E22604-C84F-488E-86E5-0FE8B30AB6B0}.iOS Build|x64.ActiveCfg = Release|Any CPU
		{B6E22604-C84F-488E-86E5-0FE8B30AB6B0}.iOS Build|x64.Build.0 = Release|Any CPU
		{B6E22604-C84F-488E-86E5-0FE8B30AB6B0}.iOS Build|x86.ActiveCfg = Release|Any CPU
		{B6E22604-C84F-488E-86E5-0FE8B30AB6B0}.iOS Build|x86.Build.0 = Release|Any CPU
		{B6E22604-C84F-488E-86E5-0FE8B30AB6B0}.Release|Any CPU.ActiveCfg = Release|Any CPU
		{B6E22604-C84F-488E-86E5-0FE8B30AB6B0}.Release|Any CPU.Build.0 = Release|Any CPU
		{B6E22604-C84F-488E-86E5-0FE8B30AB6B0}.Release|ARM.ActiveCfg = Release|Any CPU
		{B6E22604-C84F-488E-86E5-0FE8B30AB6B0}.Release|ARM.Build.0 = Release|Any CPU
		{B6E22604-C84F-488E-86E5-0FE8B30AB6B0}.Release|iPhone.ActiveCfg = Release|Any CPU
		{B6E22604-C84F-488E-86E5-0FE8B30AB6B0}.Release|iPhone.Build.0 = Release|Any CPU
		{B6E22604-C84F-488E-86E5-0FE8B30AB6B0}.Release|iPhoneSimulator.ActiveCfg = Release|Any CPU
		{B6E22604-C84F-488E-86E5-0FE8B30AB6B0}.Release|iPhoneSimulator.Build.0 = Release|Any CPU
		{B6E22604-C84F-488E-86E5-0FE8B30AB6B0}.Release|x64.ActiveCfg = Release|Any CPU
		{B6E22604-C84F-488E-86E5-0FE8B30AB6B0}.Release|x64.Build.0 = Release|Any CPU
		{B6E22604-C84F-488E-86E5-0FE8B30AB6B0}.Release|x86.ActiveCfg = Release|Any CPU
		{B6E22604-C84F-488E-86E5-0FE8B30AB6B0}.Release|x86.Build.0 = Release|Any CPU
		{A6AC03F2-18E8-419D-97BA-D8F8E3B4D61E}.Ad-Hoc|Any CPU.ActiveCfg = Release|Any CPU
		{A6AC03F2-18E8-419D-97BA-D8F8E3B4D61E}.Ad-Hoc|Any CPU.Build.0 = Release|Any CPU
		{A6AC03F2-18E8-419D-97BA-D8F8E3B4D61E}.Ad-Hoc|Any CPU.Deploy.0 = Release|Any CPU
		{A6AC03F2-18E8-419D-97BA-D8F8E3B4D61E}.Ad-Hoc|ARM.ActiveCfg = Release|Any CPU
		{A6AC03F2-18E8-419D-97BA-D8F8E3B4D61E}.Ad-Hoc|ARM.Build.0 = Release|Any CPU
		{A6AC03F2-18E8-419D-97BA-D8F8E3B4D61E}.Ad-Hoc|ARM.Deploy.0 = Release|Any CPU
		{A6AC03F2-18E8-419D-97BA-D8F8E3B4D61E}.Ad-Hoc|iPhone.ActiveCfg = Release|Any CPU
		{A6AC03F2-18E8-419D-97BA-D8F8E3B4D61E}.Ad-Hoc|iPhone.Build.0 = Release|Any CPU
		{A6AC03F2-18E8-419D-97BA-D8F8E3B4D61E}.Ad-Hoc|iPhone.Deploy.0 = Release|Any CPU
		{A6AC03F2-18E8-419D-97BA-D8F8E3B4D61E}.Ad-Hoc|iPhoneSimulator.ActiveCfg = Release|Any CPU
		{A6AC03F2-18E8-419D-97BA-D8F8E3B4D61E}.Ad-Hoc|iPhoneSimulator.Build.0 = Release|Any CPU
		{A6AC03F2-18E8-419D-97BA-D8F8E3B4D61E}.Ad-Hoc|iPhoneSimulator.Deploy.0 = Release|Any CPU
		{A6AC03F2-18E8-419D-97BA-D8F8E3B4D61E}.Ad-Hoc|x64.ActiveCfg = Release|Any CPU
		{A6AC03F2-18E8-419D-97BA-D8F8E3B4D61E}.Ad-Hoc|x64.Build.0 = Release|Any CPU
		{A6AC03F2-18E8-419D-97BA-D8F8E3B4D61E}.Ad-Hoc|x64.Deploy.0 = Release|Any CPU
		{A6AC03F2-18E8-419D-97BA-D8F8E3B4D61E}.Ad-Hoc|x86.ActiveCfg = Release|Any CPU
		{A6AC03F2-18E8-419D-97BA-D8F8E3B4D61E}.Ad-Hoc|x86.Build.0 = Release|Any CPU
		{A6AC03F2-18E8-419D-97BA-D8F8E3B4D61E}.Ad-Hoc|x86.Deploy.0 = Release|Any CPU
		{A6AC03F2-18E8-419D-97BA-D8F8E3B4D61E}.AppStore|Any CPU.ActiveCfg = Release|Any CPU
		{A6AC03F2-18E8-419D-97BA-D8F8E3B4D61E}.AppStore|Any CPU.Build.0 = Release|Any CPU
		{A6AC03F2-18E8-419D-97BA-D8F8E3B4D61E}.AppStore|Any CPU.Deploy.0 = Release|Any CPU
		{A6AC03F2-18E8-419D-97BA-D8F8E3B4D61E}.AppStore|ARM.ActiveCfg = Release|Any CPU
		{A6AC03F2-18E8-419D-97BA-D8F8E3B4D61E}.AppStore|ARM.Build.0 = Release|Any CPU
		{A6AC03F2-18E8-419D-97BA-D8F8E3B4D61E}.AppStore|ARM.Deploy.0 = Release|Any CPU
		{A6AC03F2-18E8-419D-97BA-D8F8E3B4D61E}.AppStore|iPhone.ActiveCfg = Release|Any CPU
		{A6AC03F2-18E8-419D-97BA-D8F8E3B4D61E}.AppStore|iPhone.Build.0 = Release|Any CPU
		{A6AC03F2-18E8-419D-97BA-D8F8E3B4D61E}.AppStore|iPhone.Deploy.0 = Release|Any CPU
		{A6AC03F2-18E8-419D-97BA-D8F8E3B4D61E}.AppStore|iPhoneSimulator.ActiveCfg = Release|Any CPU
		{A6AC03F2-18E8-419D-97BA-D8F8E3B4D61E}.AppStore|iPhoneSimulator.Build.0 = Release|Any CPU
		{A6AC03F2-18E8-419D-97BA-D8F8E3B4D61E}.AppStore|iPhoneSimulator.Deploy.0 = Release|Any CPU
		{A6AC03F2-18E8-419D-97BA-D8F8E3B4D61E}.AppStore|x64.ActiveCfg = Release|Any CPU
		{A6AC03F2-18E8-419D-97BA-D8F8E3B4D61E}.AppStore|x64.Build.0 = Release|Any CPU
		{A6AC03F2-18E8-419D-97BA-D8F8E3B4D61E}.AppStore|x64.Deploy.0 = Release|Any CPU
		{A6AC03F2-18E8-419D-97BA-D8F8E3B4D61E}.AppStore|x86.ActiveCfg = Release|Any CPU
		{A6AC03F2-18E8-419D-97BA-D8F8E3B4D61E}.AppStore|x86.Build.0 = Release|Any CPU
		{A6AC03F2-18E8-419D-97BA-D8F8E3B4D61E}.AppStore|x86.Deploy.0 = Release|Any CPU
		{A6AC03F2-18E8-419D-97BA-D8F8E3B4D61E}.Debug|Any CPU.ActiveCfg = Debug|Any CPU
		{A6AC03F2-18E8-419D-97BA-D8F8E3B4D61E}.Debug|Any CPU.Build.0 = Debug|Any CPU
		{A6AC03F2-18E8-419D-97BA-D8F8E3B4D61E}.Debug|Any CPU.Deploy.0 = Debug|Any CPU
		{A6AC03F2-18E8-419D-97BA-D8F8E3B4D61E}.Debug|ARM.ActiveCfg = Debug|Any CPU
		{A6AC03F2-18E8-419D-97BA-D8F8E3B4D61E}.Debug|ARM.Build.0 = Debug|Any CPU
		{A6AC03F2-18E8-419D-97BA-D8F8E3B4D61E}.Debug|ARM.Deploy.0 = Debug|Any CPU
		{A6AC03F2-18E8-419D-97BA-D8F8E3B4D61E}.Debug|iPhone.ActiveCfg = Debug|Any CPU
		{A6AC03F2-18E8-419D-97BA-D8F8E3B4D61E}.Debug|iPhone.Build.0 = Debug|Any CPU
		{A6AC03F2-18E8-419D-97BA-D8F8E3B4D61E}.Debug|iPhone.Deploy.0 = Debug|Any CPU
		{A6AC03F2-18E8-419D-97BA-D8F8E3B4D61E}.Debug|iPhoneSimulator.ActiveCfg = Debug|Any CPU
		{A6AC03F2-18E8-419D-97BA-D8F8E3B4D61E}.Debug|iPhoneSimulator.Build.0 = Debug|Any CPU
		{A6AC03F2-18E8-419D-97BA-D8F8E3B4D61E}.Debug|iPhoneSimulator.Deploy.0 = Debug|Any CPU
		{A6AC03F2-18E8-419D-97BA-D8F8E3B4D61E}.Debug|x64.ActiveCfg = Debug|Any CPU
		{A6AC03F2-18E8-419D-97BA-D8F8E3B4D61E}.Debug|x64.Build.0 = Debug|Any CPU
		{A6AC03F2-18E8-419D-97BA-D8F8E3B4D61E}.Debug|x64.Deploy.0 = Debug|Any CPU
		{A6AC03F2-18E8-419D-97BA-D8F8E3B4D61E}.Debug|x86.ActiveCfg = Debug|Any CPU
		{A6AC03F2-18E8-419D-97BA-D8F8E3B4D61E}.Debug|x86.Build.0 = Debug|Any CPU
		{A6AC03F2-18E8-419D-97BA-D8F8E3B4D61E}.Debug|x86.Deploy.0 = Debug|Any CPU
		{A6AC03F2-18E8-419D-97BA-D8F8E3B4D61E}.iOS Build|Any CPU.ActiveCfg = Release|Any CPU
		{A6AC03F2-18E8-419D-97BA-D8F8E3B4D61E}.iOS Build|Any CPU.Build.0 = Release|Any CPU
		{A6AC03F2-18E8-419D-97BA-D8F8E3B4D61E}.iOS Build|Any CPU.Deploy.0 = Release|Any CPU
		{A6AC03F2-18E8-419D-97BA-D8F8E3B4D61E}.iOS Build|ARM.ActiveCfg = Release|Any CPU
		{A6AC03F2-18E8-419D-97BA-D8F8E3B4D61E}.iOS Build|ARM.Build.0 = Release|Any CPU
		{A6AC03F2-18E8-419D-97BA-D8F8E3B4D61E}.iOS Build|ARM.Deploy.0 = Release|Any CPU
		{A6AC03F2-18E8-419D-97BA-D8F8E3B4D61E}.iOS Build|iPhone.ActiveCfg = Release|Any CPU
		{A6AC03F2-18E8-419D-97BA-D8F8E3B4D61E}.iOS Build|iPhone.Build.0 = Release|Any CPU
		{A6AC03F2-18E8-419D-97BA-D8F8E3B4D61E}.iOS Build|iPhone.Deploy.0 = Release|Any CPU
		{A6AC03F2-18E8-419D-97BA-D8F8E3B4D61E}.iOS Build|iPhoneSimulator.ActiveCfg = Release|Any CPU
		{A6AC03F2-18E8-419D-97BA-D8F8E3B4D61E}.iOS Build|iPhoneSimulator.Build.0 = Release|Any CPU
		{A6AC03F2-18E8-419D-97BA-D8F8E3B4D61E}.iOS Build|iPhoneSimulator.Deploy.0 = Release|Any CPU
		{A6AC03F2-18E8-419D-97BA-D8F8E3B4D61E}.iOS Build|x64.ActiveCfg = Release|Any CPU
		{A6AC03F2-18E8-419D-97BA-D8F8E3B4D61E}.iOS Build|x64.Build.0 = Release|Any CPU
		{A6AC03F2-18E8-419D-97BA-D8F8E3B4D61E}.iOS Build|x64.Deploy.0 = Release|Any CPU
		{A6AC03F2-18E8-419D-97BA-D8F8E3B4D61E}.iOS Build|x86.ActiveCfg = Release|Any CPU
		{A6AC03F2-18E8-419D-97BA-D8F8E3B4D61E}.iOS Build|x86.Build.0 = Release|Any CPU
		{A6AC03F2-18E8-419D-97BA-D8F8E3B4D61E}.iOS Build|x86.Deploy.0 = Release|Any CPU
		{A6AC03F2-18E8-419D-97BA-D8F8E3B4D61E}.Release|Any CPU.ActiveCfg = Release|Any CPU
		{A6AC03F2-18E8-419D-97BA-D8F8E3B4D61E}.Release|Any CPU.Build.0 = Release|Any CPU
		{A6AC03F2-18E8-419D-97BA-D8F8E3B4D61E}.Release|Any CPU.Deploy.0 = Release|Any CPU
		{A6AC03F2-18E8-419D-97BA-D8F8E3B4D61E}.Release|ARM.ActiveCfg = Release|Any CPU
		{A6AC03F2-18E8-419D-97BA-D8F8E3B4D61E}.Release|ARM.Build.0 = Release|Any CPU
		{A6AC03F2-18E8-419D-97BA-D8F8E3B4D61E}.Release|ARM.Deploy.0 = Release|Any CPU
		{A6AC03F2-18E8-419D-97BA-D8F8E3B4D61E}.Release|iPhone.ActiveCfg = Release|Any CPU
		{A6AC03F2-18E8-419D-97BA-D8F8E3B4D61E}.Release|iPhone.Build.0 = Release|Any CPU
		{A6AC03F2-18E8-419D-97BA-D8F8E3B4D61E}.Release|iPhone.Deploy.0 = Release|Any CPU
		{A6AC03F2-18E8-419D-97BA-D8F8E3B4D61E}.Release|iPhoneSimulator.ActiveCfg = Release|Any CPU
		{A6AC03F2-18E8-419D-97BA-D8F8E3B4D61E}.Release|iPhoneSimulator.Build.0 = Release|Any CPU
		{A6AC03F2-18E8-419D-97BA-D8F8E3B4D61E}.Release|iPhoneSimulator.Deploy.0 = Release|Any CPU
		{A6AC03F2-18E8-419D-97BA-D8F8E3B4D61E}.Release|x64.ActiveCfg = Release|Any CPU
		{A6AC03F2-18E8-419D-97BA-D8F8E3B4D61E}.Release|x64.Build.0 = Release|Any CPU
		{A6AC03F2-18E8-419D-97BA-D8F8E3B4D61E}.Release|x64.Deploy.0 = Release|Any CPU
		{A6AC03F2-18E8-419D-97BA-D8F8E3B4D61E}.Release|x86.ActiveCfg = Release|Any CPU
		{A6AC03F2-18E8-419D-97BA-D8F8E3B4D61E}.Release|x86.Build.0 = Release|Any CPU
		{A6AC03F2-18E8-419D-97BA-D8F8E3B4D61E}.Release|x86.Deploy.0 = Release|Any CPU
	EndGlobalSection
	GlobalSection(SolutionProperties) = preSolution
		HideSolutionNode = FALSE
	EndGlobalSection
	GlobalSection(ExtensibilityGlobals) = postSolution
		SolutionGuid = {1239ABAE-E49E-4976-8DF1-5EACBECF8654}
	EndGlobalSection
EndGlobal
